
Microsoft Visual Studio Solution File, Format Version 12.00
# Visual Studio Version 17
VisualStudioVersion = 17.5.002.0
MinimumVisualStudioVersion = 10.0.40219.1
Project("{9A19103F-16F7-4668-BE54-9A1E7A4F7556}") = "lab11", "lab11.csproj", "{D019B5BA-B3E2-49A4-83C9-7B2F9312F02B}"
EndProject
Global
	GlobalSection(SolutionConfigurationPlatforms) = preSolution
		Debug|Any CPU = Debug|Any CPU
		Release|Any CPU = Release|Any CPU
	EndGlobalSection
	GlobalSection(ProjectConfigurationPlatforms) = postSolution
		{D019B5BA-B3E2-49A4-83C9-7B2F9312F02B}.Debug|Any CPU.ActiveCfg = Debug|Any CPU
		{D019B5BA-B3E2-49A4-83C9-7B2F9312F02B}.Debug|Any CPU.Build.0 = Debug|Any CPU
		{D019B5BA-B3E2-49A4-83C9-7B2F9312F02B}.Release|Any CPU.ActiveCfg = Release|Any CPU
		{D019B5BA-B3E2-49A4-83C9-7B2F9312F02B}.Release|Any CPU.Build.0 = Release|Any CPU
	EndGlobalSection
	GlobalSection(SolutionProperties) = preSolution
		HideSolutionNode = FALSE
	EndGlobalSection
	GlobalSection(ExtensibilityGlobals) = postSolution
		SolutionGuid = {4CF1DDE8-0A78-426E-BEC5-04D5447C97B3}
	EndGlobalSection
EndGlobal
